
Microsoft Visual Studio Solution File, Format Version 12.00
# Visual Studio 15
VisualStudioVersion = 15.0.27130.2024
MinimumVisualStudioVersion = 10.0.40219.1
Project("{FAE04EC0-301F-11D3-BF4B-00C04F79EFBC}") = "DATM-MainCenter.Android", "DATM-MainCenter\DATM-MainCenter.Android\DATM-MainCenter.Android.csproj", "{FD4879B5-C24D-4D3F-A343-874F8618774F}"
EndProject
Project("{FAE04EC0-301F-11D3-BF4B-00C04F79EFBC}") = "DATM-MainCenter.iOS", "DATM-MainCenter\DATM-MainCenter.iOS\DATM-MainCenter.iOS.csproj", "{E1B4018E-BB31-443C-A594-2B9F33D87378}"
EndProject
Project("{FAE04EC0-301F-11D3-BF4B-00C04F79EFBC}") = "DATM-MainCenter.UWP", "DATM-MainCenter\DATM-MainCenter.UWP\DATM-MainCenter.UWP.csproj", "{3CFAD775-F93F-490D-AD34-2BCF4C4D0892}"
EndProject
Project("{FAE04EC0-301F-11D3-BF4B-00C04F79EFBC}") = "DATM-MainCenter", "DATM-MainCenter\DATM-MainCenter\DATM-MainCenter.csproj", "{68D52967-F443-4476-AF35-DAE12C3D0E17}"
EndProject
Global
	GlobalSection(SolutionConfigurationPlatforms) = preSolution
		Ad-Hoc|Any CPU = Ad-Hoc|Any CPU
		Ad-Hoc|ARM = Ad-Hoc|ARM
		Ad-Hoc|iPhone = Ad-Hoc|iPhone
		Ad-Hoc|iPhoneSimulator = Ad-Hoc|iPhoneSimulator
		Ad-Hoc|x64 = Ad-Hoc|x64
		Ad-Hoc|x86 = Ad-Hoc|x86
		AppStore|Any CPU = AppStore|Any CPU
		AppStore|ARM = AppStore|ARM
		AppStore|iPhone = AppStore|iPhone
		AppStore|iPhoneSimulator = AppStore|iPhoneSimulator
		AppStore|x64 = AppStore|x64
		AppStore|x86 = AppStore|x86
		Debug|Any CPU = Debug|Any CPU
		Debug|ARM = Debug|ARM
		Debug|iPhone = Debug|iPhone
		Debug|iPhoneSimulator = Debug|iPhoneSimulator
		Debug|x64 = Debug|x64
		Debug|x86 = Debug|x86
		Release|Any CPU = Release|Any CPU
		Release|ARM = Release|ARM
		Release|iPhone = Release|iPhone
		Release|iPhoneSimulator = Release|iPhoneSimulator
		Release|x64 = Release|x64
		Release|x86 = Release|x86
	EndGlobalSection
	GlobalSection(ProjectConfigurationPlatforms) = postSolution
		{FD4879B5-C24D-4D3F-A343-874F8618774F}.Ad-Hoc|Any CPU.ActiveCfg = Release|Any CPU
		{FD4879B5-C24D-4D3F-A343-874F8618774F}.Ad-Hoc|Any CPU.Build.0 = Release|Any CPU
		{FD4879B5-C24D-4D3F-A343-874F8618774F}.Ad-Hoc|Any CPU.Deploy.0 = Release|Any CPU
		{FD4879B5-C24D-4D3F-A343-874F8618774F}.Ad-Hoc|ARM.ActiveCfg = Release|Any CPU
		{FD4879B5-C24D-4D3F-A343-874F8618774F}.Ad-Hoc|ARM.Build.0 = Release|Any CPU
		{FD4879B5-C24D-4D3F-A343-874F8618774F}.Ad-Hoc|ARM.Deploy.0 = Release|Any CPU
		{FD4879B5-C24D-4D3F-A343-874F8618774F}.Ad-Hoc|iPhone.ActiveCfg = Release|Any CPU
		{FD4879B5-C24D-4D3F-A343-874F8618774F}.Ad-Hoc|iPhone.Build.0 = Release|Any CPU
		{FD4879B5-C24D-4D3F-A343-874F8618774F}.Ad-Hoc|iPhone.Deploy.0 = Release|Any CPU
		{FD4879B5-C24D-4D3F-A343-874F8618774F}.Ad-Hoc|iPhoneSimulator.ActiveCfg = Release|Any CPU
		{FD4879B5-C24D-4D3F-A343-874F8618774F}.Ad-Hoc|iPhoneSimulator.Build.0 = Release|Any CPU
		{FD4879B5-C24D-4D3F-A343-874F8618774F}.Ad-Hoc|iPhoneSimulator.Deploy.0 = Release|Any CPU
		{FD4879B5-C24D-4D3F-A343-874F8618774F}.Ad-Hoc|x64.ActiveCfg = Release|Any CPU
		{FD4879B5-C24D-4D3F-A343-874F8618774F}.Ad-Hoc|x64.Build.0 = Release|Any CPU
		{FD4879B5-C24D-4D3F-A343-874F8618774F}.Ad-Hoc|x64.Deploy.0 = Release|Any CPU
		{FD4879B5-C24D-4D3F-A343-874F8618774F}.Ad-Hoc|x86.ActiveCfg = Release|Any CPU
		{FD4879B5-C24D-4D3F-A343-874F8618774F}.Ad-Hoc|x86.Build.0 = Release|Any CPU
		{FD4879B5-C24D-4D3F-A343-874F8618774F}.Ad-Hoc|x86.Deploy.0 = Release|Any CPU
		{FD4879B5-C24D-4D3F-A343-874F8618774F}.AppStore|Any CPU.ActiveCfg = Release|Any CPU
		{FD4879B5-C24D-4D3F-A343-874F8618774F}.AppStore|Any CPU.Build.0 = Release|Any CPU
		{FD4879B5-C24D-4D3F-A343-874F8618774F}.AppStore|Any CPU.Deploy.0 = Release|Any CPU
		{FD4879B5-C24D-4D3F-A343-874F8618774F}.AppStore|ARM.ActiveCfg = Release|Any CPU
		{FD4879B5-C24D-4D3F-A343-874F8618774F}.AppStore|ARM.Build.0 = Release|Any CPU
		{FD4879B5-C24D-4D3F-A343-874F8618774F}.AppStore|ARM.Deploy.0 = Release|Any CPU
		{FD4879B5-C24D-4D3F-A343-874F8618774F}.AppStore|iPhone.ActiveCfg = Release|Any CPU
		{FD4879B5-C24D-4D3F-A343-874F8618774F}.AppStore|iPhone.Build.0 = Release|Any CPU
		{FD4879B5-C24D-4D3F-A343-874F8618774F}.AppStore|iPhone.Deploy.0 = Release|Any CPU
		{FD4879B5-C24D-4D3F-A343-874F8618774F}.AppStore|iPhoneSimulator.ActiveCfg = Release|Any CPU
		{FD4879B5-C24D-4D3F-A343-874F8618774F}.AppStore|iPhoneSimulator.Build.0 = Release|Any CPU
		{FD4879B5-C24D-4D3F-A343-874F8618774F}.AppStore|iPhoneSimulator.Deploy.0 = Release|Any CPU
		{FD4879B5-C24D-4D3F-A343-874F8618774F}.AppStore|x64.ActiveCfg = Release|Any CPU
		{FD4879B5-C24D-4D3F-A343-874F8618774F}.AppStore|x64.Build.0 = Release|Any CPU
		{FD4879B5-C24D-4D3F-A343-874F8618774F}.AppStore|x64.Deploy.0 = Release|Any CPU
		{FD4879B5-C24D-4D3F-A343-874F8618774F}.AppStore|x86.ActiveCfg = Release|Any CPU
		{FD4879B5-C24D-4D3F-A343-874F8618774F}.AppStore|x86.Build.0 = Release|Any CPU
		{FD4879B5-C24D-4D3F-A343-874F8618774F}.AppStore|x86.Deploy.0 = Release|Any CPU
		{FD4879B5-C24D-4D3F-A343-874F8618774F}.Debug|Any CPU.ActiveCfg = Debug|Any CPU
		{FD4879B5-C24D-4D3F-A343-874F8618774F}.Debug|Any CPU.Build.0 = Debug|Any CPU
		{FD4879B5-C24D-4D3F-A343-874F8618774F}.Debug|Any CPU.Deploy.0 = Debug|Any CPU
		{FD4879B5-C24D-4D3F-A343-874F8618774F}.Debug|ARM.ActiveCfg = Debug|Any CPU
		{FD4879B5-C24D-4D3F-A343-874F8618774F}.Debug|ARM.Build.0 = Debug|Any CPU
		{FD4879B5-C24D-4D3F-A343-874F8618774F}.Debug|ARM.Deploy.0 = Debug|Any CPU
		{FD4879B5-C24D-4D3F-A343-874F8618774F}.Debug|iPhone.ActiveCfg = Debug|Any CPU
		{FD4879B5-C24D-4D3F-A343-874F8618774F}.Debug|iPhone.Build.0 = Debug|Any CPU
		{FD4879B5-C24D-4D3F-A343-874F8618774F}.Debug|iPhone.Deploy.0 = Debug|Any CPU
		{FD4879B5-C24D-4D3F-A343-874F8618774F}.Debug|iPhoneSimulator.ActiveCfg = Debug|Any CPU
		{FD4879B5-C24D-4D3F-A343-874F8618774F}.Debug|iPhoneSimulator.Build.0 = Debug|Any CPU
		{FD4879B5-C24D-4D3F-A343-874F8618774F}.Debug|iPhoneSimulator.Deploy.0 = Debug|Any CPU
		{FD4879B5-C24D-4D3F-A343-874F8618774F}.Debug|x64.ActiveCfg = Debug|Any CPU
		{FD4879B5-C24D-4D3F-A343-874F8618774F}.Debug|x64.Build.0 = Debug|Any CPU
		{FD4879B5-C24D-4D3F-A343-874F8618774F}.Debug|x64.Deploy.0 = Debug|Any CPU
		{FD4879B5-C24D-4D3F-A343-874F8618774F}.Debug|x86.ActiveCfg = Debug|Any CPU
		{FD4879B5-C24D-4D3F-A343-874F8618774F}.Debug|x86.Build.0 = Debug|Any CPU
		{FD4879B5-C24D-4D3F-A343-874F8618774F}.Debug|x86.Deploy.0 = Debug|Any CPU
		{FD4879B5-C24D-4D3F-A343-874F8618774F}.Release|Any CPU.ActiveCfg = Release|Any CPU
		{FD4879B5-C24D-4D3F-A343-874F8618774F}.Release|Any CPU.Build.0 = Release|Any CPU
		{FD4879B5-C24D-4D3F-A343-874F8618774F}.Release|Any CPU.Deploy.0 = Release|Any CPU
		{FD4879B5-C24D-4D3F-A343-874F8618774F}.Release|ARM.ActiveCfg = Release|Any CPU
		{FD4879B5-C24D-4D3F-A343-874F8618774F}.Release|ARM.Build.0 = Release|Any CPU
		{FD4879B5-C24D-4D3F-A343-874F8618774F}.Release|ARM.Deploy.0 = Release|Any CPU
		{FD4879B5-C24D-4D3F-A343-874F8618774F}.Release|iPhone.ActiveCfg = Release|Any CPU
		{FD4879B5-C24D-4D3F-A343-874F8618774F}.Release|iPhone.Build.0 = Release|Any CPU
		{FD4879B5-C24D-4D3F-A343-874F8618774F}.Release|iPhone.Deploy.0 = Release|Any CPU
		{FD4879B5-C24D-4D3F-A343-874F8618774F}.Release|iPhoneSimulator.ActiveCfg = Release|Any CPU
		{FD4879B5-C24D-4D3F-A343-874F8618774F}.Release|iPhoneSimulator.Build.0 = Release|Any CPU
		{FD4879B5-C24D-4D3F-A343-874F8618774F}.Release|iPhoneSimulator.Deploy.0 = Release|Any CPU
		{FD4879B5-C24D-4D3F-A343-874F8618774F}.Release|x64.ActiveCfg = Release|Any CPU
		{FD4879B5-C24D-4D3F-A343-874F8618774F}.Release|x64.Build.0 = Release|Any CPU
		{FD4879B5-C24D-4D3F-A343-874F8618774F}.Release|x64.Deploy.0 = Release|Any CPU
		{FD4879B5-C24D-4D3F-A343-874F8618774F}.Release|x86.ActiveCfg = Release|Any CPU
		{FD4879B5-C24D-4D3F-A343-874F8618774F}.Release|x86.Build.0 = Release|Any CPU
		{FD4879B5-C24D-4D3F-A343-874F8618774F}.Release|x86.Deploy.0 = Release|Any CPU
		{E1B4018E-BB31-443C-A594-2B9F33D87378}.Ad-Hoc|Any CPU.ActiveCfg = Ad-Hoc|iPhone
		{E1B4018E-BB31-443C-A594-2B9F33D87378}.Ad-Hoc|ARM.ActiveCfg = Ad-Hoc|iPhone
		{E1B4018E-BB31-443C-A594-2B9F33D87378}.Ad-Hoc|iPhone.ActiveCfg = Ad-Hoc|iPhone
		{E1B4018E-BB31-443C-A594-2B9F33D87378}.Ad-Hoc|iPhone.Build.0 = Ad-Hoc|iPhone
		{E1B4018E-BB31-443C-A594-2B9F33D87378}.Ad-Hoc|iPhoneSimulator.ActiveCfg = Ad-Hoc|iPhoneSimulator
		{E1B4018E-BB31-443C-A594-2B9F33D87378}.Ad-Hoc|iPhoneSimulator.Build.0 = Ad-Hoc|iPhoneSimulator
		{E1B4018E-BB31-443C-A594-2B9F33D87378}.Ad-Hoc|x64.ActiveCfg = Ad-Hoc|iPhone
		{E1B4018E-BB31-443C-A594-2B9F33D87378}.Ad-Hoc|x86.ActiveCfg = Ad-Hoc|iPhone
		{E1B4018E-BB31-443C-A594-2B9F33D87378}.AppStore|Any CPU.ActiveCfg = AppStore|iPhone
		{E1B4018E-BB31-443C-A594-2B9F33D87378}.AppStore|ARM.ActiveCfg = AppStore|iPhone
		{E1B4018E-BB31-443C-A594-2B9F33D87378}.AppStore|iPhone.ActiveCfg = AppStore|iPhone
		{E1B4018E-BB31-443C-A594-2B9F33D87378}.AppStore|iPhone.Build.0 = AppStore|iPhone
		{E1B4018E-BB31-443C-A594-2B9F33D87378}.AppStore|iPhoneSimulator.ActiveCfg = AppStore|iPhoneSimulator
		{E1B4018E-BB31-443C-A594-2B9F33D87378}.AppStore|iPhoneSimulator.Build.0 = AppStore|iPhoneSimulator
		{E1B4018E-BB31-443C-A594-2B9F33D87378}.AppStore|x64.ActiveCfg = AppStore|iPhone
		{E1B4018E-BB31-443C-A594-2B9F33D87378}.AppStore|x86.ActiveCfg = AppStore|iPhone
		{E1B4018E-BB31-443C-A594-2B9F33D87378}.Debug|Any CPU.ActiveCfg = Debug|iPhone
		{E1B4018E-BB31-443C-A594-2B9F33D87378}.Debug|ARM.ActiveCfg = Debug|iPhone
		{E1B4018E-BB31-443C-A594-2B9F33D87378}.Debug|iPhone.ActiveCfg = Debug|iPhone
		{E1B4018E-BB31-443C-A594-2B9F33D87378}.Debug|iPhone.Build.0 = Debug|iPhone
		{E1B4018E-BB31-443C-A594-2B9F33D87378}.Debug|iPhoneSimulator.ActiveCfg = Debug|iPhoneSimulator
		{E1B4018E-BB31-443C-A594-2B9F33D87378}.Debug|iPhoneSimulator.Build.0 = Debug|iPhoneSimulator
		{E1B4018E-BB31-443C-A594-2B9F33D87378}.Debug|x64.ActiveCfg = Debug|iPhone
		{E1B4018E-BB31-443C-A594-2B9F33D87378}.Debug|x86.ActiveCfg = Debug|iPhone
		{E1B4018E-BB31-443C-A594-2B9F33D87378}.Release|Any CPU.ActiveCfg = Release|iPhone
		{E1B4018E-BB31-443C-A594-2B9F33D87378}.Release|ARM.ActiveCfg = Release|iPhone
		{E1B4018E-BB31-443C-A594-2B9F33D87378}.Release|iPhone.ActiveCfg = Release|iPhone
		{E1B4018E-BB31-443C-A594-2B9F33D87378}.Release|iPhone.Build.0 = Release|iPhone
		{E1B4018E-BB31-443C-A594-2B9F33D87378}.Release|iPhoneSimulator.ActiveCfg = Release|iPhoneSimulator
		{E1B4018E-BB31-443C-A594-2B9F33D87378}.Release|iPhoneSimulator.Build.0 = Release|iPhoneSimulator
		{E1B4018E-BB31-443C-A594-2B9F33D87378}.Release|x64.ActiveCfg = Release|iPhone
		{E1B4018E-BB31-443C-A594-2B9F33D87378}.Release|x86.ActiveCfg = Release|iPhone
		{3CFAD775-F93F-490D-AD34-2BCF4C4D0892}.Ad-Hoc|Any CPU.ActiveCfg = Release|x86
		{3CFAD775-F93F-490D-AD34-2BCF4C4D0892}.Ad-Hoc|Any CPU.Build.0 = Release|x86
		{3CFAD775-F93F-490D-AD34-2BCF4C4D0892}.Ad-Hoc|Any CPU.Deploy.0 = Release|x86
		{3CFAD775-F93F-490D-AD34-2BCF4C4D0892}.Ad-Hoc|ARM.ActiveCfg = Release|ARM
		{3CFAD775-F93F-490D-AD34-2BCF4C4D0892}.Ad-Hoc|ARM.Build.0 = Release|ARM
		{3CFAD775-F93F-490D-AD34-2BCF4C4D0892}.Ad-Hoc|ARM.Deploy.0 = Release|ARM
		{3CFAD775-F93F-490D-AD34-2BCF4C4D0892}.Ad-Hoc|iPhone.ActiveCfg = Release|x86
		{3CFAD775-F93F-490D-AD34-2BCF4C4D0892}.Ad-Hoc|iPhone.Build.0 = Release|x86
		{3CFAD775-F93F-490D-AD34-2BCF4C4D0892}.Ad-Hoc|iPhone.Deploy.0 = Release|x86
		{3CFAD775-F93F-490D-AD34-2BCF4C4D0892}.Ad-Hoc|iPhoneSimulator.ActiveCfg = Release|x86
		{3CFAD775-F93F-490D-AD34-2BCF4C4D0892}.Ad-Hoc|iPhoneSimulator.Build.0 = Release|x86
		{3CFAD775-F93F-490D-AD34-2BCF4C4D0892}.Ad-Hoc|iPhoneSimulator.Deploy.0 = Release|x86
		{3CFAD775-F93F-490D-AD34-2BCF4C4D0892}.Ad-Hoc|x64.ActiveCfg = Release|x64
		{3CFAD775-F93F-490D-AD34-2BCF4C4D0892}.Ad-Hoc|x64.Build.0 = Release|x64
		{3CFAD775-F93F-490D-AD34-2BCF4C4D0892}.Ad-Hoc|x64.Deploy.0 = Release|x64
		{3CFAD775-F93F-490D-AD34-2BCF4C4D0892}.Ad-Hoc|x86.ActiveCfg = Release|x86
		{3CFAD775-F93F-490D-AD34-2BCF4C4D0892}.Ad-Hoc|x86.Build.0 = Release|x86
		{3CFAD775-F93F-490D-AD34-2BCF4C4D0892}.Ad-Hoc|x86.Deploy.0 = Release|x86
		{3CFAD775-F93F-490D-AD34-2BCF4C4D0892}.AppStore|Any CPU.ActiveCfg = Release|x86
		{3CFAD775-F93F-490D-AD34-2BCF4C4D0892}.AppStore|Any CPU.Build.0 = Release|x86
		{3CFAD775-F93F-490D-AD34-2BCF4C4D0892}.AppStore|Any CPU.Deploy.0 = Release|x86
		{3CFAD775-F93F-490D-AD34-2BCF4C4D0892}.AppStore|ARM.ActiveCfg = Release|ARM
		{3CFAD775-F93F-490D-AD34-2BCF4C4D0892}.AppStore|ARM.Build.0 = Release|ARM
		{3CFAD775-F93F-490D-AD34-2BCF4C4D0892}.AppStore|ARM.Deploy.0 = Release|ARM
		{3CFAD775-F93F-490D-AD34-2BCF4C4D0892}.AppStore|iPhone.ActiveCfg = Release|x86
		{3CFAD775-F93F-490D-AD34-2BCF4C4D0892}.AppStore|iPhone.Build.0 = Release|x86
		{3CFAD775-F93F-490D-AD34-2BCF4C4D0892}.AppStore|iPhone.Deploy.0 = Release|x86
		{3CFAD775-F93F-490D-AD34-2BCF4C4D0892}.AppStore|iPhoneSimulator.ActiveCfg = Release|x86
		{3CFAD775-F93F-490D-AD34-2BCF4C4D0892}.AppStore|iPhoneSimulator.Build.0 = Release|x86
		{3CFAD775-F93F-490D-AD34-2BCF4C4D0892}.AppStore|iPhoneSimulator.Deploy.0 = Release|x86
		{3CFAD775-F93F-490D-AD34-2BCF4C4D0892}.AppStore|x64.ActiveCfg = Release|x64
		{3CFAD775-F93F-490D-AD34-2BCF4C4D0892}.AppStore|x64.Build.0 = Release|x64
		{3CFAD775-F93F-490D-AD34-2BCF4C4D0892}.AppStore|x64.Deploy.0 = Release|x64
		{3CFAD775-F93F-490D-AD34-2BCF4C4D0892}.AppStore|x86.ActiveCfg = Release|x86
		{3CFAD775-F93F-490D-AD34-2BCF4C4D0892}.AppStore|x86.Build.0 = Release|x86
		{3CFAD775-F93F-490D-AD34-2BCF4C4D0892}.AppStore|x86.Deploy.0 = Release|x86
		{3CFAD775-F93F-490D-AD34-2BCF4C4D0892}.Debug|Any CPU.ActiveCfg = Debug|x86
		{3CFAD775-F93F-490D-AD34-2BCF4C4D0892}.Debug|ARM.ActiveCfg = Debug|ARM
		{3CFAD775-F93F-490D-AD34-2BCF4C4D0892}.Debug|ARM.Build.0 = Debug|ARM
		{3CFAD775-F93F-490D-AD34-2BCF4C4D0892}.Debug|ARM.Deploy.0 = Debug|ARM
		{3CFAD775-F93F-490D-AD34-2BCF4C4D0892}.Debug|iPhone.ActiveCfg = Debug|x86
		{3CFAD775-F93F-490D-AD34-2BCF4C4D0892}.Debug|iPhoneSimulator.ActiveCfg = Debug|x86
		{3CFAD775-F93F-490D-AD34-2BCF4C4D0892}.Debug|x64.ActiveCfg = Debug|x64
		{3CFAD775-F93F-490D-AD34-2BCF4C4D0892}.Debug|x64.Build.0 = Debug|x64
		{3CFAD775-F93F-490D-AD34-2BCF4C4D0892}.Debug|x64.Deploy.0 = Debug|x64
		{3CFAD775-F93F-490D-AD34-2BCF4C4D0892}.Debug|x86.ActiveCfg = Debug|x86
		{3CFAD775-F93F-490D-AD34-2BCF4C4D0892}.Debug|x86.Build.0 = Debug|x86
		{3CFAD775-F93F-490D-AD34-2BCF4C4D0892}.Debug|x86.Deploy.0 = Debug|x86
		{3CFAD775-F93F-490D-AD34-2BCF4C4D0892}.Release|Any CPU.ActiveCfg = Release|x86
		{3CFAD775-F93F-490D-AD34-2BCF4C4D0892}.Release|ARM.ActiveCfg = Release|ARM
		{3CFAD775-F93F-490D-AD34-2BCF4C4D0892}.Release|ARM.Build.0 = Release|ARM
		{3CFAD775-F93F-490D-AD34-2BCF4C4D0892}.Release|ARM.Deploy.0 = Release|ARM
		{3CFAD775-F93F-490D-AD34-2BCF4C4D0892}.Release|iPhone.ActiveCfg = Release|x86
		{3CFAD775-F93F-490D-AD34-2BCF4C4D0892}.Release|iPhoneSimulator.ActiveCfg = Release|x86
		{3CFAD775-F93F-490D-AD34-2BCF4C4D0892}.Release|x64.ActiveCfg = Release|x64
		{3CFAD775-F93F-490D-AD34-2BCF4C4D0892}.Release|x64.Build.0 = Release|x64
		{3CFAD775-F93F-490D-AD34-2BCF4C4D0892}.Release|x64.Deploy.0 = Release|x64
		{3CFAD775-F93F-490D-AD34-2BCF4C4D0892}.Release|x86.ActiveCfg = Release|x86
		{3CFAD775-F93F-490D-AD34-2BCF4C4D0892}.Release|x86.Build.0 = Release|x86
		{3CFAD775-F93F-490D-AD34-2BCF4C4D0892}.Release|x86.Deploy.0 = Release|x86
		{68D52967-F443-4476-AF35-DAE12C3D0E17}.Ad-Hoc|Any CPU.ActiveCfg = Debug|Any CPU
		{68D52967-F443-4476-AF35-DAE12C3D0E17}.Ad-Hoc|Any CPU.Build.0 = Debug|Any CPU
		{68D52967-F443-4476-AF35-DAE12C3D0E17}.Ad-Hoc|ARM.ActiveCfg = Debug|Any CPU
		{68D52967-F443-4476-AF35-DAE12C3D0E17}.Ad-Hoc|ARM.Build.0 = Debug|Any CPU
		{68D52967-F443-4476-AF35-DAE12C3D0E17}.Ad-Hoc|iPhone.ActiveCfg = Debug|Any CPU
		{68D52967-F443-4476-AF35-DAE12C3D0E17}.Ad-Hoc|iPhone.Build.0 = Debug|Any CPU
		{68D52967-F443-4476-AF35-DAE12C3D0E17}.Ad-Hoc|iPhoneSimulator.ActiveCfg = Debug|Any CPU
		{68D52967-F443-4476-AF35-DAE12C3D0E17}.Ad-Hoc|iPhoneSimulator.Build.0 = Debug|Any CPU
		{68D52967-F443-4476-AF35-DAE12C3D0E17}.Ad-Hoc|x64.ActiveCfg = Debug|Any CPU
		{68D52967-F443-4476-AF35-DAE12C3D0E17}.Ad-Hoc|x64.Build.0 = Debug|Any CPU
		{68D52967-F443-4476-AF35-DAE12C3D0E17}.Ad-Hoc|x86.ActiveCfg = Debug|Any CPU
		{68D52967-F443-4476-AF35-DAE12C3D0E17}.Ad-Hoc|x86.Build.0 = Debug|Any CPU
		{68D52967-F443-4476-AF35-DAE12C3D0E17}.AppStore|Any CPU.ActiveCfg = Debug|Any CPU
		{68D52967-F443-4476-AF35-DAE12C3D0E17}.AppStore|Any CPU.Build.0 = Debug|Any CPU
		{68D52967-F443-4476-AF35-DAE12C3D0E17}.AppStore|ARM.ActiveCfg = Debug|Any CPU
		{68D52967-F443-4476-AF35-DAE12C3D0E17}.AppStore|ARM.Build.0 = Debug|Any CPU
		{68D52967-F443-4476-AF35-DAE12C3D0E17}.AppStore|iPhone.ActiveCfg = Debug|Any CPU
		{68D52967-F443-4476-AF35-DAE12C3D0E17}.AppStore|iPhone.Build.0 = Debug|Any CPU
		{68D52967-F443-4476-AF35-DAE12C3D0E17}.AppStore|iPhoneSimulator.ActiveCfg = Debug|Any CPU
		{68D52967-F443-4476-AF35-DAE12C3D0E17}.AppStore|iPhoneSimulator.Build.0 = Debug|Any CPU
		{68D52967-F443-4476-AF35-DAE12C3D0E17}.AppStore|x64.ActiveCfg = Debug|Any CPU
		{68D52967-F443-4476-AF35-DAE12C3D0E17}.AppStore|x64.Build.0 = Debug|Any CPU
		{68D52967-F443-4476-AF35-DAE12C3D0E17}.AppStore|x86.ActiveCfg = Debug|Any CPU
		{68D52967-F443-4476-AF35-DAE12C3D0E17}.AppStore|x86.Build.0 = Debug|Any CPU
		{68D52967-F443-4476-AF35-DAE12C3D0E17}.Debug|Any CPU.ActiveCfg = Debug|Any CPU
		{68D52967-F443-4476-AF35-DAE12C3D0E17}.Debug|Any CPU.Build.0 = Debug|Any CPU
		{68D52967-F443-4476-AF35-DAE12C3D0E17}.Debug|ARM.ActiveCfg = Debug|Any CPU
		{68D52967-F443-4476-AF35-DAE12C3D0E17}.Debug|ARM.Build.0 = Debug|Any CPU
		{68D52967-F443-4476-AF35-DAE12C3D0E17}.Debug|iPhone.ActiveCfg = Debug|Any CPU
		{68D52967-F443-4476-AF35-DAE12C3D0E17}.Debug|iPhone.Build.0 = Debug|Any CPU
		{68D52967-F443-4476-AF35-DAE12C3D0E17}.Debug|iPhoneSimulator.ActiveCfg = Debug|Any CPU
		{68D52967-F443-4476-AF35-DAE12C3D0E17}.Debug|iPhoneSimulator.Build.0 = Debug|Any CPU
		{68D52967-F443-4476-AF35-DAE12C3D0E17}.Debug|x64.ActiveCfg = Debug|Any CPU
		{68D52967-F443-4476-AF35-DAE12C3D0E17}.Debug|x64.Build.0 = Debug|Any CPU
		{68D52967-F443-4476-AF35-DAE12C3D0E17}.Debug|x86.ActiveCfg = Debug|Any CPU
		{68D52967-F443-4476-AF35-DAE12C3D0E17}.Debug|x86.Build.0 = Debug|Any CPU
		{68D52967-F443-4476-AF35-DAE12C3D0E17}.Release|Any CPU.ActiveCfg = Release|Any CPU
		{68D52967-F443-4476-AF35-DAE12C3D0E17}.Release|Any CPU.Build.0 = Release|Any CPU
		{68D52967-F443-4476-AF35-DAE12C3D0E17}.Release|ARM.ActiveCfg = Release|Any CPU
		{68D52967-F443-4476-AF35-DAE12C3D0E17}.Release|ARM.Build.0 = Release|Any CPU
		{68D52967-F443-4476-AF35-DAE12C3D0E17}.Release|iPhone.ActiveCfg = Release|Any CPU
		{68D52967-F443-4476-AF35-DAE12C3D0E17}.Release|iPhone.Build.0 = Release|Any CPU
		{68D52967-F443-4476-AF35-DAE12C3D0E17}.Release|iPhoneSimulator.ActiveCfg = Release|Any CPU
		{68D52967-F443-4476-AF35-DAE12C3D0E17}.Release|iPhoneSimulator.Build.0 = Release|Any CPU
		{68D52967-F443-4476-AF35-DAE12C3D0E17}.Release|x64.ActiveCfg = Release|Any CPU
		{68D52967-F443-4476-AF35-DAE12C3D0E17}.Release|x64.Build.0 = Release|Any CPU
		{68D52967-F443-4476-AF35-DAE12C3D0E17}.Release|x86.ActiveCfg = Release|Any CPU
		{68D52967-F443-4476-AF35-DAE12C3D0E17}.Release|x86.Build.0 = Release|Any CPU
	EndGlobalSection
	GlobalSection(SolutionProperties) = preSolution
		HideSolutionNode = FALSE
	EndGlobalSection
	GlobalSection(ExtensibilityGlobals) = postSolution
		SolutionGuid = {0A737E60-9047-49BC-9E64-F3A914736494}
	EndGlobalSection
EndGlobal
